PODS:
  - calendar_manager (0.0.1):
    - Flutter
  - Flutter (1.0.0)

DEPENDENCIES:
  - calendar_manager (from `.symlinks/plugins/calendar_manager/ios`)
  - Flutter (from `Flutter`)

EXTERNAL SOURCES:
  calendar_manager:
    :path: ".symlinks/plugins/calendar_manager/ios"
  Flutter:
    :path: Flutter

SPEC CHECKSUMS:
  calendar_manager: 576564ce8d68dbe7ec1758175e5171f2af9ada6f
  Flutter: e0871f40cf51350855a761d2e70bf5af5b9b5de7

PODFILE CHECKSUM: 77fe65fb5f3c9ab39f6eefd11ce3cf5b0d144795

COCOAPODS: 1.15.2
