PODS:
  - calendar_manager (0.0.1):
    - Flutter
  - Flutter (1.0.0)

DEPENDENCIES:
  - calendar_manager (from `.symlinks/plugins/calendar_manager/ios`)
  - Flutter (from `Flutter`)

EXTERNAL SOURCES:
  calendar_manager:
    :path: ".symlinks/plugins/calendar_manager/ios"
  Flutter:
    :path: Flutter

SPEC CHECKSUMS:
  calendar_manager: 576564ce8d68dbe7ec1758175e5171f2af9ada6f
  Flutter: cabc95a1d2626b1b06e7179b784ebcf0c0cde467

PODFILE CHECKSUM: d1953a040e3db173d3184a61f9e07c50e6e822f3

COCOAPODS: 1.16.2
